
Microsoft Visual Studio Solution File, Format Version 12.00
# Visual Studio Version 17
VisualStudioVersion = 17.10.35027.167
MinimumVisualStudioVersion = 10.0.40219.1
Project("{9A19103F-16F7-4668-BE54-9A1E7A4F7556}") = "Banco", "Banco\Banco.csproj", "{05FE2134-3FC2-4DF8-944B-31E3EF784656}"
EndProject
Global
	GlobalSection(SolutionConfigurationPlatforms) = preSolution
		Debug|Any CPU = Debug|Any CPU
		Release|Any CPU = Release|Any CPU
	EndGlobalSection
	GlobalSection(ProjectConfigurationPlatforms) = postSolution
		{05FE2134-3FC2-4DF8-944B-31E3EF784656}.Debug|Any CPU.ActiveCfg = Debug|Any CPU
		{05FE2134-3FC2-4DF8-944B-31E3EF784656}.Debug|Any CPU.Build.0 = Debug|Any CPU
		{05FE2134-3FC2-4DF8-944B-31E3EF784656}.Release|Any CPU.ActiveCfg = Release|Any CPU
		{05FE2134-3FC2-4DF8-944B-31E3EF784656}.Release|Any CPU.Build.0 = Release|Any CPU
	EndGlobalSection
	GlobalSection(SolutionProperties) = preSolution
		HideSolutionNode = FALSE
	EndGlobalSection
	GlobalSection(ExtensibilityGlobals) = postSolution
		SolutionGuid = {E3B418FF-94F6-4C06-BE58-132A63099740}
	EndGlobalSection
EndGlobal
